# THIS IS AN AUTOGENERATED FILE. DO NOT EDIT THIS FILE DIRECTLY.
# yarn lockfile v1


balanced-match@^1.0.0:
  version "1.0.0"
  resolved "https://registry.yarnpkg.com/balanced-match/-/balanced-match-1.0.0.tgz#89b4d199ab2bee49de164ea02b89ce462d71b767"
  integrity sha1-ibTRmasr7kneFk6gK4nORi1xt2c=

blake2s@^1.0.1:
  version "1.1.0"
  resolved "https://registry.yarnpkg.com/blake2s/-/blake2s-1.1.0.tgz#825a8fc536a5dc43193467f3124f7e9b78b21cef"
  integrity sha1-glqPxTal3EMZNGfzEk9+m3iyHO8=

brace-expansion@^1.1.7:
  version "1.1.11"
  resolved "https://registry.yarnpkg.com/brace-expansion/-/brace-expansion-1.1.11.tgz#3c7fcbf529d87226f3d2f52b966ff5271eb441dd"
  integrity sha512-iCuPHDFgrHX7H2vEI/5xpz07zSHB00TpugqhmYtVmMO6518mCuRMoOYFldEBl0g187ufozdaHgWKcYFb61qGiA==
  dependencies:
    balanced-match "^1.0.0"
    concat-map "0.0.1"

chloride-test@^1.1.0:
  version "1.2.4"
  resolved "https://registry.yarnpkg.com/chloride-test/-/chloride-test-1.2.4.tgz#f5e1466d92b20a0b9eece6599b21339b4ec59a4e"
  integrity sha512-9vhoi1qXSBPn6//ZxIgSe3M2QhKHzIPZQzmrZgmPADsqW0Jxpe3db1e7aGSRUMXbxAQ04SfypdT8dGaSvIvKDw==
  dependencies:
    json-buffer "^2.0.11"

chloride@^2.2.7, chloride@^2.2.8, chloride@^2.2.9:
  version "2.2.14"
  resolved "https://registry.yarnpkg.com/chloride/-/chloride-2.2.14.tgz#ff4c93f912518b9628134946972ff042f32a0c51"
  integrity sha512-Jp3kpDIO4MlcJCFi4jER9P7k3sAVvIwbe4QJtM9Nkp43e/GQ/98HU1wJS6NdU6cbzfGrKWmMdRB+VNRrCynzfw==
  dependencies:
    is-electron "^2.2.0"
    sodium-browserify "^1.2.7"
    sodium-browserify-tweetnacl "^0.2.5"
    sodium-chloride "^1.1.2"
  optionalDependencies:
    sodium-native "^2.1.6"

concat-map@0.0.1:
  version "0.0.1"
  resolved "https://registry.yarnpkg.com/concat-map/-/concat-map-0.0.1.tgz#d8a96bd77fd68df7793a73036a3ba0d5405d477b"
  integrity sha1-2Klr13/Wjfd5OnMDajug1UBdR3s=

cont@^1.0.1, cont@^1.0.3:
  version "1.0.3"
  resolved "https://registry.yarnpkg.com/cont/-/cont-1.0.3.tgz#6874f1e935fca99d048caeaaad9a0aeb020bcce0"
  integrity sha1-aHTx6TX8qZ0EjK6qrZoK6wILzOA=
  dependencies:
    continuable "~1.2.0"
    continuable-para "~1.2.0"
    continuable-series "~1.2.0"

continuable-hash@~0.1.4:
  version "0.1.4"
  resolved "https://registry.yarnpkg.com/continuable-hash/-/continuable-hash-0.1.4.tgz#81c74d41771d8c92783e1e00e5f11b34d6dfc78c"
  integrity sha1-gcdNQXcdjJJ4Ph4A5fEbNNbfx4w=
  dependencies:
    continuable "~1.1.6"

continuable-list@~0.1.5:
  version "0.1.6"
  resolved "https://registry.yarnpkg.com/continuable-list/-/continuable-list-0.1.6.tgz#87cf06ec580716e10dff95fb0b84c5f0e8acac5f"
  integrity sha1-h88G7FgHFuEN/5X7C4TF8OisrF8=
  dependencies:
    continuable "~1.1.6"

continuable-para@~1.2.0:
  version "1.2.0"
  resolved "https://registry.yarnpkg.com/continuable-para/-/continuable-para-1.2.0.tgz#445510f649459dd0fc35c872015146122731c583"
  integrity sha1-RFUQ9klFndD8NchyAVFGEicxxYM=
  dependencies:
    continuable-hash "~0.1.4"
    continuable-list "~0.1.5"

continuable-series@~1.2.0:
  version "1.2.0"
  resolved "https://registry.yarnpkg.com/continuable-series/-/continuable-series-1.2.0.tgz#3243397ae93a71d655b3026834a51590b958b9e8"
  integrity sha1-MkM5euk6cdZVswJoNKUVkLlYueg=

continuable@~1.1.6:
  version "1.1.8"
  resolved "https://registry.yarnpkg.com/continuable/-/continuable-1.1.8.tgz#dc877b474160870ae3bcde87336268ebe50597d5"
  integrity sha1-3Id7R0FghwrjvN6HM2Jo6+UFl9U=

continuable@~1.2.0:
  version "1.2.0"
  resolved "https://registry.yarnpkg.com/continuable/-/continuable-1.2.0.tgz#08277468d41136200074ccf87294308d169f25b6"
  integrity sha1-CCd0aNQRNiAAdMz4cpQwjRafJbY=

debug@^4.1.1:
  version "4.1.1"
  resolved "https://registry.yarnpkg.com/debug/-/debug-4.1.1.tgz#3b72260255109c6b589cee050f1d516139664791"
  integrity sha512-pYAIzeRo8J6KPEaJ0VWOh5Pzkbw/RetuzehGM7QRRX5he4fPHx2rdKMB256ehJCkX+XRQm16eZLqLNS8RSZXZw==
  dependencies:
    ms "^2.1.1"

deep-extend@^0.6.0:
  version "0.6.0"
  resolved "https://registry.yarnpkg.com/deep-extend/-/deep-extend-0.6.0.tgz#c4fa7c95404a17a9c3e8ca7e1537312b736330ac"
  integrity sha512-LOHxIOaPYdHlJRtCQfDIVZtfw/ufM8+rVj649RIHzcm/vGwQRXFt6OPqIFWsm2XEMrNIEtWR64sY1LEKD2vAOA==

ed2curve@^0.1.4:
  version "0.1.4"
  resolved "https://registry.yarnpkg.com/ed2curve/-/ed2curve-0.1.4.tgz#94a44248bb87da35db0eff7af0aa576168117f59"
  integrity sha1-lKRCSLuH2jXbDv968KpXYWgRf1k=
  dependencies:
    tweetnacl "0.x.x"

explain-error@^1.0.1, explain-error@^1.0.4:
  version "1.0.4"
  resolved "https://registry.yarnpkg.com/explain-error/-/explain-error-1.0.4.tgz#a793d3ac0cad4c6ab571e9968fbbab6cb2532929"
  integrity sha1-p5PTrAytTGq1cemWj7urbLJTKSk=

fs.realpath@^1.0.0:
  version "1.0.0"
  resolved "https://registry.yarnpkg.com/fs.realpath/-/fs.realpath-1.0.0.tgz#1504ad2523158caa40db4a2787cb01411994ea4f"
  integrity sha1-FQStJSMVjKpA20onh8sBQRmU6k8=

glob@^7.1.3:
  version "7.1.6"
  resolved "https://registry.yarnpkg.com/glob/-/glob-7.1.6.tgz#141f33b81a7c2492e125594307480c46679278a6"
  integrity sha512-LwaxwyZ72Lk7vZINtNNrywX0ZuLyStrdDtabefZKAY5ZGJhVtgdznluResxNmPitE0SAO+O26sWTHeKSI2wMBA==
  dependencies:
    fs.realpath "^1.0.0"
    inflight "^1.0.4"
    inherits "2"
    minimatch "^3.0.4"
    once "^1.3.0"
    path-is-absolute "^1.0.0"

increment-buffer@~1.0.0:
  version "1.0.1"
  resolved "https://registry.yarnpkg.com/increment-buffer/-/increment-buffer-1.0.1.tgz#65076d75189d808b39ad13ab5b958e05216f9e0d"
  integrity sha1-ZQdtdRidgIs5rROrW5WOBSFvng0=

inflight@^1.0.4:
  version "1.0.6"
  resolved "https://registry.yarnpkg.com/inflight/-/inflight-1.0.6.tgz#49bd6331d7d02d0c09bc910a1075ba8165b56df9"
  integrity sha1-Sb1jMdfQLQwJvJEKEHW6gWW1bfk=
  dependencies:
    once "^1.3.0"
    wrappy "1"

inherits@2, inherits@^2.0.1:
  version "2.0.4"
  resolved "https://registry.yarnpkg.com/inherits/-/inherits-2.0.4.tgz#0fa2c64f932917c3433a0ded55363aae37416b7c"
  integrity sha512-k/vGaX4/Yla3WzyMCvTQOXYeIHvqOKtnqBduzTHpzpQZzAskKMhZ2K+EnBiSM9zGSoIFeMpXKxa4dYeZIQqewQ==

ini@^1.3.5, ini@~1.3.0:
  version "1.3.5"
  resolved "https://registry.yarnpkg.com/ini/-/ini-1.3.5.tgz#eee25f56db1c9ec6085e0c22778083f596abf927"
  integrity sha512-RZY5huIKCMRWDUqZlEi72f/lmXKMvuszcMBduliQ3nnWbx9X/ZBQO7DijMEYS9EhHBb2qacRUMtC7svLwe0lcw==

ip@1.1.5, ip@^1.1.5:
  version "1.1.5"
  resolved "https://registry.yarnpkg.com/ip/-/ip-1.1.5.tgz#bdded70114290828c0a039e72ef25f5aaec4354a"
  integrity sha1-vd7XARQpCCjAoDnnLvJfWq7ENUo=

is-electron@^2.2.0:
  version "2.2.0"
  resolved "https://registry.yarnpkg.com/is-electron/-/is-electron-2.2.0.tgz#8943084f09e8b731b3a7a0298a7b5d56f6b7eef0"
  integrity sha512-SpMppC2XR3YdxSzczXReBjqs2zGscWQpBIKqwXYBFic0ERaxNVgwLCHwOLZeESfdJQjX0RDvrJ1lBXX2ij+G1Q==

json-buffer@^2.0.11:
  version "2.0.11"
  resolved "https://registry.yarnpkg.com/json-buffer/-/json-buffer-2.0.11.tgz#3e441fda3098be8d1e3171ad591bc62a33e2d55f"
  integrity sha1-PkQf2jCYvo0eMXGtWRvGKjPi1V8=

libsodium-wrappers@^0.7.4:
  version "0.7.6"
  resolved "https://registry.yarnpkg.com/libsodium-wrappers/-/libsodium-wrappers-0.7.6.tgz#baed4c16d4bf9610104875ad8a8e164d259d48fb"
  integrity sha512-OUO2CWW5bHdLr6hkKLHIKI4raEkZrf3QHkhXsJ1yCh6MZ3JDA7jFD3kCATNquuGSG6MjjPHQIQms0y0gBDzjQg==
  dependencies:
    libsodium "0.7.6"

libsodium@0.7.6:
  version "0.7.6"
  resolved "https://registry.yarnpkg.com/libsodium/-/libsodium-0.7.6.tgz#018b80c5728054817845fbffa554274441bda277"
  integrity sha512-hPb/04sEuLcTRdWDtd+xH3RXBihpmbPCsKW/Jtf4PsvdyKh+D6z2D2gvp/5BfoxseP+0FCOg66kE+0oGUE/loQ==

lodash.get@^4.4.2:
  version "4.4.2"
  resolved "https://registry.yarnpkg.com/lodash.get/-/lodash.get-4.4.2.tgz#2d177f652fa31e939b4438d5341499dfa3825e99"
  integrity sha1-LRd/ZS+jHpObRDjVNBSZ36OCXpk=

looper@^3.0.0, looper@~3.0.0:
  version "3.0.0"
  resolved "https://registry.yarnpkg.com/looper/-/looper-3.0.0.tgz#2efa54c3b1cbaba9b94aee2e5914b0be57fbb749"
  integrity sha1-LvpUw7HLq6m5Su4uWRSwvlf7t0k=

looper@^4.0.0:
  version "4.0.0"
  resolved "https://registry.yarnpkg.com/looper/-/looper-4.0.0.tgz#7706aded59a99edca06e6b54bb86c8ec19c95155"
  integrity sha1-dwat7VmpntygbmtUu4bI7BnJUVU=

minimatch@^3.0.4:
  version "3.0.4"
  resolved "https://registry.yarnpkg.com/minimatch/-/minimatch-3.0.4.tgz#5166e286457f03306064be5497e8dbb0c3d32083"
  integrity sha512-yJHVQEhyqPLUTgt9B83PXu6W3rx4MvvHvSUvToogpwoGDOUQ+yDrR0HRot+yOCdCO7u4hX3pWft6kWBBcqh0UA==
  dependencies:
    brace-expansion "^1.1.7"

minimist@0.0.8:
  version "0.0.8"
  resolved "https://registry.yarnpkg.com/minimist/-/minimist-0.0.8.tgz#857fcabfc3397d2625b8228262e86aa7a011b05d"
  integrity sha1-hX/Kv8M5fSYluCKCYuhqp6ARsF0=

minimist@^1.2.0:
  version "1.2.2"
  resolved "https://registry.yarnpkg.com/minimist/-/minimist-1.2.2.tgz#b00a00230a1108c48c169e69a291aafda3aacd63"
  integrity sha512-rIqbOrKb8GJmx/5bc2M0QchhUouMXSpd1RTclXsB41JdL+VtnojfaJR+h7F9k18/4kHUsBFgk80Uk+q569vjPA==

mkdirp@^0.5.0, mkdirp@~0.5.0:
  version "0.5.1"
  resolved "https://registry.yarnpkg.com/mkdirp/-/mkdirp-0.5.1.tgz#30057438eac6cf7f8c4767f38648d6697d75c903"
  integrity sha1-MAV0OOrGz3+MR2fzhkjWaX11yQM=
  dependencies:
    minimist "0.0.8"

ms@^2.1.1:
  version "2.1.2"
  resolved "https://registry.yarnpkg.com/ms/-/ms-2.1.2.tgz#d09d1f357b443f493382a8eb3ccd183872ae6009"
  integrity sha512-sGkPx+VjMtmA6MX27oA4FBFELFCZZ4S4XqeGOXCv68tT+jb3vk/RyaKWP0PTKyWtmLSM0b+adUTEvbs1PEaH2w==

multiblob@^1.13.5:
  version "1.13.5"
  resolved "https://registry.yarnpkg.com/multiblob/-/multiblob-1.13.5.tgz#bf680907c567b28d5abb30c38915b47677826627"
  integrity sha512-R6dxF2OnTc1/G3rhcEKUVYIYiYBakNYCK3rfHKyvapCL/31o1xMfsjbfAHRDBx/T6wNHQ+2PgyjHAUPwRZaT8w==
  dependencies:
    blake2s "^1.0.1"
    cont "^1.0.1"
    explain-error "^1.0.1"
    mkdirp "^0.5.0"
    pull-catch "^1.0.0"
    pull-defer "^0.2.2"
    pull-file "^1.0.0"
    pull-glob "~1.0.6"
    pull-live "^1.0.0"
    pull-notify "^0.1.1"
    pull-paramap "^1.2.2"
    pull-stream "^3.6.2"
    pull-write-file "^0.2.1"
    rimraf "^2.2.8"
    stream-to-pull-stream "^1.7.2"

multicb@^1.2.1, multicb@^1.2.2:
  version "1.2.2"
  resolved "https://registry.yarnpkg.com/multicb/-/multicb-1.2.2.tgz#90514ab0fa733c9b9f4e9870fab77180acdf3c34"
  integrity sha512-PZM4dhYFmCF6uZGWpEmoPMUqJBywS9IcAgybT2GmSpYI1BvGvoWSdbio+ik+q/YD2vodhvslESWIS3NnkKYdqQ==

multiserver-scopes@^1.0.0:
  version "1.0.0"
  resolved "https://registry.yarnpkg.com/multiserver-scopes/-/multiserver-scopes-1.0.0.tgz#91496d995cd46d2a8a0d06249ee7fb8057caa4a7"
  integrity sha512-D3q4IujGRUIKETfR5s0kRtvXTjAMhyl7rtLEMXtvkg0lJPJyS5KYsAULFFy+dYv/+RC642aR1zo/RKNp6sdtQg==
  dependencies:
    non-private-ip "^1.4.4"

multiserver@^3.1.2:
  version "3.6.0"
  resolved "https://registry.yarnpkg.com/multiserver/-/multiserver-3.6.0.tgz#f01c6c72cadcb2f4175bfa39fbe3ccc1881a4975"
  integrity sha512-MeANpx7//lJTwYKLYfsucdRvDafbyxaijUm9BhmF+QfLBMGRebNoKRYLhZItbHYAcsI0HBTtpBVHNw+bmRRnFQ==
  dependencies:
    debug "^4.1.1"
    multicb "^1.2.2"
    multiserver-scopes "^1.0.0"
    pull-cat "~1.1.5"
    pull-stream "^3.6.1"
    pull-ws "^3.3.0"
    secret-handshake "^1.1.16"
    separator-escape "0.0.0"
    socks "^2.2.3"
    stream-to-pull-stream "^1.7.2"

muxrpc-usage@^2.0.1:
  version "2.1.0"
  resolved "https://registry.yarnpkg.com/muxrpc-usage/-/muxrpc-usage-2.1.0.tgz#3a34a5f23d67a145374692dc7b9bf8f56dda78a5"
  integrity sha512-ZspYQd4n4pLy86Gu/yrEdHvg5NBrg4p2NayQ2NFelN1QyLZRLTKPlTyaa6DyztsCG7mjLzxFBw9jw9LReB8Azw==
  dependencies:
    right-pad "^1.0.1"

muxrpc@^6.4.8:
  version "6.4.8"
  resolved "https://registry.yarnpkg.com/muxrpc/-/muxrpc-6.4.8.tgz#35534192d9f2918486b377ee83f2f8dcfc79b971"
  integrity sha512-9oLoLbiAWZAhgxQzquApj0eSfiTYPWLq4AV5mvCBjsicJKWOJlxAAxypHdlnmHeUbOxrPRweneHI7l+nzY/+aQ==
  dependencies:
    explain-error "^1.0.1"
    packet-stream "~2.0.0"
    packet-stream-codec "^1.1.1"
    pull-goodbye "0.0.2"
    pull-stream "^3.6.10"

muxrpcli@^3.1.2:
  version "3.1.2"
  resolved "https://registry.yarnpkg.com/muxrpcli/-/muxrpcli-3.1.2.tgz#3ac297d157bdf2ef04195a4bedfbb4810a93079d"
  integrity sha512-3nDL3dYXKxAN+spKSQBolxFoOl4HJCcm5UKlxjdjQxcjvLGLFLvwuNf1vCRpSveCHiFCxPLltWq2hT+vlDLPtQ==
  dependencies:
    cont "^1.0.3"
    minimist "^1.2.0"
    muxrpc-usage "^2.0.1"
    pull-stream "^3.6.9"
    stream-to-pull-stream "^1.7.3"
    word-wrap "^1.2.3"

nan@^2.14.0:
  version "2.14.0"
  resolved "https://registry.yarnpkg.com/nan/-/nan-2.14.0.tgz#7818f722027b2459a86f0295d434d1fc2336c52c"
  integrity sha512-INOFj37C7k3AfaNTtX8RhsTw7qRy7eLET14cROi9+5HAVbbHuIWUHEauBv5qT4Av2tWasiTY1Jw6puUNqRJXQg==

node-gyp-build@^4.1.0:
  version "4.2.0"
  resolved "https://registry.yarnpkg.com/node-gyp-build/-/node-gyp-build-4.2.0.tgz#2c2b05f461f4178641a6ce2d7159f04094e9376d"
  integrity sha512-4oiumOLhCDU9Rronz8PZ5S4IvT39H5+JEv/hps9V8s7RSLhsac0TCP78ulnHXOo8X1wdpPiTayGlM1jr4IbnaQ==

non-private-ip@^1.4.4:
  version "1.4.4"
  resolved "https://registry.yarnpkg.com/non-private-ip/-/non-private-ip-1.4.4.tgz#82bf7cbd24c7a7a87bf64f1c8dd1af711a6804d9"
  integrity sha512-K9nTVFOGUOYutaG8ywiKpCdVu458RFxSgSJ0rribUxtf5iLM9B2+raFJgkID3p5op0+twmoQqFaPnu9KYz6qzg==
  dependencies:
    ip "^1.1.5"

once@^1.3.0:
  version "1.4.0"
  resolved "https://registry.yarnpkg.com/once/-/once-1.4.0.tgz#583b1aa775961d4b113ac17d9c50baef9dd76bd1"
  integrity sha1-WDsap3WWHUsROsF9nFC6753Xa9E=
  dependencies:
    wrappy "1"

options@>=0.0.5:
  version "0.0.6"
  resolved "https://registry.yarnpkg.com/options/-/options-0.0.6.tgz#ec22d312806bb53e731773e7cdaefcf1c643128f"
  integrity sha1-7CLTEoBrtT5zF3Pnza788cZDEo8=

os-homedir@^1.0.1:
  version "1.0.2"
  resolved "https://registry.yarnpkg.com/os-homedir/-/os-homedir-1.0.2.tgz#ffbc4988336e0e833de0c168c7ef152121aa7fb3"
  integrity sha1-/7xJiDNuDoM94MFox+8VISGqf7M=

packet-stream-codec@^1.1.1:
  version "1.1.2"
  resolved "https://registry.yarnpkg.com/packet-stream-codec/-/packet-stream-codec-1.1.2.tgz#79b302fc144cdfbb4ab6feba7040e6a5d99c79c7"
  integrity sha1-ebMC/BRM37tKtv66cEDmpdmcecc=
  dependencies:
    pull-reader "^1.2.4"
    pull-through "^1.0.17"

packet-stream@~2.0.0:
  version "2.0.4"
  resolved "https://registry.yarnpkg.com/packet-stream/-/packet-stream-2.0.4.tgz#558a64fb274d6c5efd931aa10a3837d7209c94e3"
  integrity sha512-7+oxHdMMs6VhLvvbrDUc8QNuelE9fPKLDdToXBIKLPKOlnoBeMim+/35edp+AnFTLzk3xcogVvQ/jrZyyGsEiw==

path-is-absolute@^1.0.0:
  version "1.0.1"
  resolved "https://registry.yarnpkg.com/path-is-absolute/-/path-is-absolute-1.0.1.tgz#174b9268735534ffbc7ace6bf53a5a9e1b5c5f5f"
  integrity sha1-F0uSaHNVNP+8es5r9TpanhtcX18=

private-box@^0.3.0:
  version "0.3.0"
  resolved "https://registry.yarnpkg.com/private-box/-/private-box-0.3.0.tgz#878e69c4ac9bc1684c558971fda2c255c6f7b5d9"
  integrity sha512-zsK6DDEC+cnNiunYamcVbx4ZCLbKnzTOZa09K4Pj3/tH3nQFPUO9K2QoYy4kfxLqmoyw6RPDtACN9OYviMQZ2Q==
  dependencies:
    chloride "^2.2.9"

pull-box-stream@^1.0.13:
  version "1.0.13"
  resolved "https://registry.yarnpkg.com/pull-box-stream/-/pull-box-stream-1.0.13.tgz#c3e240398eab3f5951b2ed1078c5988bf7a0a2b9"
  integrity sha1-w+JAOY6rP1lRsu0QeMWYi/egork=
  dependencies:
    chloride "^2.2.7"
    increment-buffer "~1.0.0"
    pull-reader "^1.2.5"
    pull-stream "^3.2.3"
    pull-through "^1.0.18"
    split-buffer "~1.0.0"

pull-cat@^1.1.9, pull-cat@~1.1.5:
  version "1.1.11"
  resolved "https://registry.yarnpkg.com/pull-cat/-/pull-cat-1.1.11.tgz#b642dd1255da376a706b6db4fa962f5fdb74c31b"
  integrity sha1-tkLdElXaN2pwa220+pYvX9t0wxs=

pull-catch@^1.0.0:
  version "1.0.1"
  resolved "https://registry.yarnpkg.com/pull-catch/-/pull-catch-1.0.1.tgz#61be4d3d4184436a89994bec975f1ff4aea854cb"
  integrity sha512-wrKbmEYySNETxOYXDTCJ8L/rcAFMayOifne2a+X9C0wSm6ttIWHHXwMYQh6k8iDRvtMM8itYkBlP4leKBJTiKA==

pull-defer@^0.2.2:
  version "0.2.3"
  resolved "https://registry.yarnpkg.com/pull-defer/-/pull-defer-0.2.3.tgz#4ee09c6d9e227bede9938db80391c3dac489d113"
  integrity sha512-/An3KE7mVjZCqNhZsr22k1Tx8MACnUnHZZNPSJ0S62td8JtYr/AiRG42Vz7Syu31SoTLUzVIe61jtT/pNdjVYA==

pull-file@^0.5.0:
  version "0.5.0"
  resolved "https://registry.yarnpkg.com/pull-file/-/pull-file-0.5.0.tgz#b3ca405306e082f9d4528288933badb2b656365b"
  integrity sha1-s8pAUwbggvnUUoKIkzutsrZWNls=
  dependencies:
    pull-utf8-decoder "^1.0.2"

pull-file@^1.0.0, pull-file@^1.1.0:
  version "1.1.0"
  resolved "https://registry.yarnpkg.com/pull-file/-/pull-file-1.1.0.tgz#1dd987605d6357a0d23c1e4b826f7915a215129c"
  integrity sha1-HdmHYF1jV6DSPB5Lgm95FaIVEpw=
  dependencies:
    pull-utf8-decoder "^1.0.2"

pull-fs@~1.1.6:
  version "1.1.6"
  resolved "https://registry.yarnpkg.com/pull-fs/-/pull-fs-1.1.6.tgz#f184f6a7728bb4d95641376bead69f6f66df47cd"
  integrity sha1-8YT2p3KLtNlWQTdr6tafb2bfR80=
  dependencies:
    pull-file "^0.5.0"
    pull-stream "^3.3.0"
    pull-traverse "^1.0.3"
    pull-write-file "^0.2.1"

pull-glob@~1.0.6:
  version "1.0.7"
  resolved "https://registry.yarnpkg.com/pull-glob/-/pull-glob-1.0.7.tgz#eef915dde644bddbea8dd2e0106d544aacbcd5c2"
  integrity sha1-7vkV3eZEvdvqjdLgEG1USqy81cI=
  dependencies:
    pull-fs "~1.1.6"
    pull-stream "^3.3.0"

pull-goodbye@0.0.2:
  version "0.0.2"
  resolved "https://registry.yarnpkg.com/pull-goodbye/-/pull-goodbye-0.0.2.tgz#8d8357db55e22a710dfff0f16a8c90b45efe4171"
  integrity sha1-jYNX21XiKnEN//DxaoyQtF7+QXE=
  dependencies:
    pull-stream "~3.5.0"

pull-handshake@^1.1.1:
  version "1.1.4"
  resolved "https://registry.yarnpkg.com/pull-handshake/-/pull-handshake-1.1.4.tgz#6000a0fd018884cdfd737254f8cc60ab2a637791"
  integrity sha1-YACg/QGIhM39c3JU+Mxgqypjd5E=
  dependencies:
    pull-cat "^1.1.9"
    pull-pair "~1.1.0"
    pull-pushable "^2.0.0"
    pull-reader "^1.2.3"

pull-hash@^1.0.0:
  version "1.0.0"
  resolved "https://registry.yarnpkg.com/pull-hash/-/pull-hash-1.0.0.tgz#fcad4d2507bf2c2b3231f653dc9bfb2db4f0d88c"
  integrity sha1-/K1NJQe/LCsyMfZT3Jv7LbTw2Iw=

pull-live@^1.0.0:
  version "1.0.1"
  resolved "https://registry.yarnpkg.com/pull-live/-/pull-live-1.0.1.tgz#a4ecee01e330155e9124bbbcf4761f21b38f51f5"
  integrity sha1-pOzuAeMwFV6RJLu89HYfIbOPUfU=
  dependencies:
    pull-cat "^1.1.9"
    pull-stream "^3.4.0"

pull-notify@^0.1.1:
  version "0.1.1"
  resolved "https://registry.yarnpkg.com/pull-notify/-/pull-notify-0.1.1.tgz#6f86ff95d270b89c3ebf255b6031b7032dc99cca"
  integrity sha1-b4b/ldJwuJw+vyVbYDG3Ay3JnMo=
  dependencies:
    pull-pushable "^2.0.0"

pull-pair@~1.1.0:
  version "1.1.0"
  resolved "https://registry.yarnpkg.com/pull-pair/-/pull-pair-1.1.0.tgz#7ee427263fdf4da825397ac0a05e1ab4b74bd76d"
  integrity sha1-fuQnJj/fTaglOXrAoF4atLdL120=

pull-paramap@^1.2.2:
  version "1.2.2"
  resolved "https://registry.yarnpkg.com/pull-paramap/-/pull-paramap-1.2.2.tgz#51a4193ce9c8d7215d95adad45e2bcdb8493b23a"
  integrity sha1-UaQZPOnI1yFdla2tReK824STsjo=
  dependencies:
    looper "^4.0.0"

pull-pushable@^2.0.0:
  version "2.2.0"
  resolved "https://registry.yarnpkg.com/pull-pushable/-/pull-pushable-2.2.0.tgz#5f2f3aed47ad86919f01b12a2e99d6f1bd776581"
  integrity sha1-Xy867UethpGfAbEqLpnW8b13ZYE=

pull-reader@^1.2.3, pull-reader@^1.2.4, pull-reader@^1.2.5:
  version "1.3.1"
  resolved "https://registry.yarnpkg.com/pull-reader/-/pull-reader-1.3.1.tgz#03a253e37efce111223ea2dc1dec847be1940be6"
  integrity sha512-CBkejkE5nX50SiSEzu0Qoz4POTJMS/mw8G6aj3h3M/RJoKgggLxyF0IyTZ0mmpXFlXRcLmLmIEW4xeYn7AeDYw==

pull-stream@^3.2.3, pull-stream@^3.3.0, pull-stream@^3.4.0, pull-stream@^3.4.5, pull-stream@^3.6.0, pull-stream@^3.6.1, pull-stream@^3.6.10, pull-stream@^3.6.14, pull-stream@^3.6.2, pull-stream@^3.6.9:
  version "3.6.14"
  resolved "https://registry.yarnpkg.com/pull-stream/-/pull-stream-3.6.14.tgz#529dbd5b86131f4a5ed636fdf7f6af00781357ee"
  integrity sha512-KIqdvpqHHaTUA2mCYcLG1ibEbu/LCKoJZsBWyv9lSYtPkJPBq8m3Hxa103xHi6D2thj5YXa0TqK3L3GUkwgnew==

pull-stream@~3.5.0:
  version "3.5.0"
  resolved "https://registry.yarnpkg.com/pull-stream/-/pull-stream-3.5.0.tgz#1ee5b6f76fd3b3a49a5afb6ded5c0320acb3cfc7"
  integrity sha1-HuW292/Ts6SaWvtt7VwDIKyzz8c=

pull-through@^1.0.17, pull-through@^1.0.18:
  version "1.0.18"
  resolved "https://registry.yarnpkg.com/pull-through/-/pull-through-1.0.18.tgz#8dd62314263e59cf5096eafbb127a2b6ef310735"
  integrity sha1-jdYjFCY+Wc9Qlur7sSeitu8xBzU=
  dependencies:
    looper "~3.0.0"

pull-traverse@^1.0.3:
  version "1.0.3"
  resolved "https://registry.yarnpkg.com/pull-traverse/-/pull-traverse-1.0.3.tgz#74fb5d7be7fa6bd7a78e97933e199b7945866938"
  integrity sha1-dPtde+f6a9enjpeTPhmbeUWGaTg=

pull-utf8-decoder@^1.0.2:
  version "1.0.2"
  resolved "https://registry.yarnpkg.com/pull-utf8-decoder/-/pull-utf8-decoder-1.0.2.tgz#a7afa2384d1e6415a5d602054126cc8de3bcbce7"
  integrity sha1-p6+iOE0eZBWl1gIFQSbMjeO8vOc=

pull-write-file@^0.2.1:
  version "0.2.4"
  resolved "https://registry.yarnpkg.com/pull-write-file/-/pull-write-file-0.2.4.tgz#437344aeb2189f65e678ed1af37f0f760a5453ef"
  integrity sha1-Q3NErrIYn2XmeO0a838PdgpUU+8=

pull-ws@^3.3.0:
  version "3.3.2"
  resolved "https://registry.yarnpkg.com/pull-ws/-/pull-ws-3.3.2.tgz#abac497a4800e74ab9a6d749c81a44d12d4e77b3"
  integrity sha512-Bn4bcJsSzJGOQl4RBulDhG1FkcbDHSCXteI8Jg5k4X6X5TxVzZzKilWJ1WV2v4OnRXl2eYbtHFGsPl8Cr1xJzw==
  dependencies:
    relative-url "^1.0.2"
    safe-buffer "^5.1.1"
    ws "^1.1.0"

rc@^1.1.6:
  version "1.2.8"
  resolved "https://registry.yarnpkg.com/rc/-/rc-1.2.8.tgz#cd924bf5200a075b83c188cd6b9e211b7fc0d3ed"
  integrity sha512-y3bGgqKj3QBdxLbLkomlohkvsA8gdAiUQlSBJnBhfn+BPxg4bc62d8TcBW15wavDfgexCgccckhcZvywyQYPOw==
  dependencies:
    deep-extend "^0.6.0"
    ini "~1.3.0"
    minimist "^1.2.0"
    strip-json-comments "~2.0.1"

relative-url@^1.0.2:
  version "1.0.2"
  resolved "https://registry.yarnpkg.com/relative-url/-/relative-url-1.0.2.tgz#d21c52a72d6061018bcee9f9c9fc106bf7d65287"
  integrity sha1-0hxSpy1gYQGLzun5yfwQa/fWUoc=

right-pad@^1.0.1:
  version "1.0.1"
  resolved "https://registry.yarnpkg.com/right-pad/-/right-pad-1.0.1.tgz#8ca08c2cbb5b55e74dafa96bf7fd1a27d568c8d0"
  integrity sha1-jKCMLLtbVedNr6lr9/0aJ9VoyNA=

rimraf@^2.2.8:
  version "2.7.1"
  resolved "https://registry.yarnpkg.com/rimraf/-/rimraf-2.7.1.tgz#35797f13a7fdadc566142c29d4f07ccad483e3ec"
  integrity sha512-uWjbaKIK3T1OSVptzX7Nl6PvQ3qAGtKEtVRjRuazjfL3Bx5eI409VZSqgND+4UNnmzLVdPj9FqFJNPqBZFve4w==
  dependencies:
    glob "^7.1.3"

safe-buffer@^5.0.1, safe-buffer@^5.1.1:
  version "5.2.0"
  resolved "https://registry.yarnpkg.com/safe-buffer/-/safe-buffer-5.2.0.tgz#b74daec49b1148f88c64b68d49b1e815c1f2f519"
  integrity sha512-fZEwUGbVl7kouZs1jCdMLdt95hdIv0ZeHg6L7qPeciMZhZ+/gdesW4wgTARkrFWEpspjEATAzUGPG8N2jJiwbg==

secret-handshake@^1.1.16:
  version "1.1.20"
  resolved "https://registry.yarnpkg.com/secret-handshake/-/secret-handshake-1.1.20.tgz#39af0a59f80cd3f99a6e5555daf8907a8732fee6"
  integrity sha512-sDtmZDpibGH2ixj3FOmsC3Z/b08eaB2/KAvy2oSp4qvcGdhatBSfb1RdVpwjQl5c3J83WbBo1HSZ7DBtMu43lA==
  dependencies:
    chloride "^2.2.8"
    explain-error "^1.0.4"
    pull-box-stream "^1.0.13"
    pull-handshake "^1.1.1"
    pull-stream "^3.4.5"

separator-escape@0.0.0:
  version "0.0.0"
  resolved "https://registry.yarnpkg.com/separator-escape/-/separator-escape-0.0.0.tgz#e433676932020454e3c14870c517ea1de56c2fa4"
  integrity sha1-5DNnaTICBFTjwUhwxRfqHeVsL6Q=

sha.js@2.4.5:
  version "2.4.5"
  resolved "https://registry.yarnpkg.com/sha.js/-/sha.js-2.4.5.tgz#27d171efcc82a118b99639ff581660242b506e7c"
  integrity sha1-J9Fx78yCoRi5ljn/WBZgJCtQbnw=
  dependencies:
    inherits "^2.0.1"

sha.js@^2.4.8:
  version "2.4.11"
  resolved "https://registry.yarnpkg.com/sha.js/-/sha.js-2.4.11.tgz#37a5cf0b81ecbc6943de109ba2960d1b26584ae7"
  integrity sha512-QMEp5B7cftE7APOjk5Y6xgrbWu+WkLVQwk8JNjZ8nKRciZaByEW6MubieAiToS7+dwvrjGhH8jRXz3MVd0AYqQ==
  dependencies:
    inherits "^2.0.1"
    safe-buffer "^5.0.1"

smart-buffer@^4.1.0:
  version "4.1.0"
  resolved "https://registry.yarnpkg.com/smart-buffer/-/smart-buffer-4.1.0.tgz#91605c25d91652f4661ea69ccf45f1b331ca21ba"
  integrity sha512-iVICrxOzCynf/SNaBQCw34eM9jROU/s5rzIhpOvzhzuYHfJR/DhZfDkXiZSgKXfgv26HT3Yni3AV/DGw0cGnnw==

socks@^2.2.3:
  version "2.3.3"
  resolved "https://registry.yarnpkg.com/socks/-/socks-2.3.3.tgz#01129f0a5d534d2b897712ed8aceab7ee65d78e3"
  integrity sha512-o5t52PCNtVdiOvzMry7wU4aOqYWL0PeCXRWBEiJow4/i/wr+wpsJQ9awEu1EonLIqsfGd5qSgDdxEOvCdmBEpA==
  dependencies:
    ip "1.1.5"
    smart-buffer "^4.1.0"

sodium-browserify-tweetnacl@^0.2.5:
  version "0.2.6"
  resolved "https://registry.yarnpkg.com/sodium-browserify-tweetnacl/-/sodium-browserify-tweetnacl-0.2.6.tgz#efd129628b2693ea4259e394926f6a20aaca2dd8"
  integrity sha512-ZnEI26hdluilpYY28Xc4rc1ALfmEp2TWihkJX6Mdtw0z9RfHfpZJU7P8DoKbN1HcBdU9aJmguFZs7igE8nLJPg==
  dependencies:
    chloride-test "^1.1.0"
    ed2curve "^0.1.4"
    sha.js "^2.4.8"
    tweetnacl "^1.0.1"
    tweetnacl-auth "^0.3.0"

sodium-browserify@^1.2.7:
  version "1.3.0"
  resolved "https://registry.yarnpkg.com/sodium-browserify/-/sodium-browserify-1.3.0.tgz#d3f36186c6ed548fc93f0cfd69ce4ed9e0d3bd42"
  integrity sha512-1KRS6Oew3X13AIZhbmGF0YBdt2pQdafJMfv83OZHWbzxG92YBBnN8HYx/VKmYB4xCe90eidNaDJWBEFw/o3ahw==
  dependencies:
    libsodium-wrappers "^0.7.4"
    sha.js "2.4.5"
    sodium-browserify-tweetnacl "^0.2.5"
    tweetnacl "^0.14.1"

sodium-chloride@^1.1.2:
  version "1.1.2"
  resolved "https://registry.yarnpkg.com/sodium-chloride/-/sodium-chloride-1.1.2.tgz#823c9f9f4cd103156ef3033def256aa2a2b89eb0"
  integrity sha512-8AVzr9VHueXqfzfkzUA0aXe/Q4XG3UTmhlP6Pt+HQc5bbAPIJFo7ZIMh9tvn+99QuiMcyDJdYumegGAczl0N+g==

sodium-native@^2.1.6:
  version "2.4.6"
  resolved "https://registry.yarnpkg.com/sodium-native/-/sodium-native-2.4.6.tgz#8a8173095e8cf4f997de393a2ba106c34870cac2"
  integrity sha512-Ro9lhTjot8M01nwKLXiqLSmjR7B8o+Wg4HmJUjEShw/q6XPlNMzjPkA1VJKaMH8SO8fJ/sggAKVwreTaFszS2Q==
  dependencies:
    ini "^1.3.5"
    nan "^2.14.0"
    node-gyp-build "^4.1.0"

split-buffer@~1.0.0:
  version "1.0.0"
  resolved "https://registry.yarnpkg.com/split-buffer/-/split-buffer-1.0.0.tgz#b7e8e0ab51345158b72c1f6dbef2406d51f1d027"
  integrity sha1-t+jgq1E0UVi3LB9tvvJAbVHx0Cc=

ssb-caps@^1.0.1:
  version "1.1.0"
  resolved "https://registry.yarnpkg.com/ssb-caps/-/ssb-caps-1.1.0.tgz#1cdce2971b13dea8ca595be9668fdf94b5955fb2"
  integrity sha512-qe3qpvchJ+gnH8M/ge4rpL+7eRbSmsEAzNwHkDdrW06OBcziQ6/KuAdmcR6joxCbNeoAXAZF+inkefgE16okXA==

ssb-client@^4.7.9:
  version "4.7.9"
  resolved "https://registry.yarnpkg.com/ssb-client/-/ssb-client-4.7.9.tgz#c49260c12736155ef343bbda02728db95655c845"
  integrity sha512-koVuazgGa+Pz7KHnPTsOFvaKSrE0T38wSO7n6P7ZQp+1BpaoBCI4z8Kq2SvMw521Sz9dK9Rwh2bTakEDRgx84A==
  dependencies:
    explain-error "^1.0.1"
    multicb "^1.2.1"
    multiserver "^3.1.2"
    muxrpc "^6.4.8"
    pull-hash "^1.0.0"
    pull-stream "^3.6.0"
    ssb-config "^3.2.5"
    ssb-keys "^7.0.13"

ssb-config@^3.2.5, ssb-config@^3.4.3:
  version "3.4.3"
  resolved "https://registry.yarnpkg.com/ssb-config/-/ssb-config-3.4.3.tgz#043043d9e19c6a8229f8a8b163c9aa08088a4253"
  integrity sha512-qvutXHzW+KPhopVGAc8QYJ0jKorGVVYrZBbuyTGU1sCVdtXKGqOIQGJzpiwQUdLe2UM4Sc9WWWCAYTWlSSqhkA==
  dependencies:
    deep-extend "^0.6.0"
    ip "^1.1.5"
    lodash.get "^4.4.2"
    os-homedir "^1.0.1"
    rc "^1.1.6"
    ssb-caps "^1.0.1"
    ssb-keys "^7.1.4"

ssb-keys@^7.0.13, ssb-keys@^7.1.4:
  version "7.2.0"
  resolved "https://registry.yarnpkg.com/ssb-keys/-/ssb-keys-7.2.0.tgz#3317a12216c55d3cbfbc4e7851f8c66799594c7a"
  integrity sha512-qxbVBYB5CsxWPEFg6qe+98hL6Jbs0rztA5zYsoQmYqz2+j3EhhIuXMTki92K4xREOCA2x45FFdOjDFy7ReDpBA==
  dependencies:
    chloride "^2.2.8"
    mkdirp "~0.5.0"
    private-box "^0.3.0"

stream-to-pull-stream@^1.7.2, stream-to-pull-stream@^1.7.3:
  version "1.7.3"
  resolved "https://registry.yarnpkg.com/stream-to-pull-stream/-/stream-to-pull-stream-1.7.3.tgz#4161aa2d2eb9964de60bfa1af7feaf917e874ece"
  integrity sha512-6sNyqJpr5dIOQdgNy/xcDWwDuzAsAwVzhzrWlAPAQ7Lkjx/rv0wgvxEyKwTq6FmNd5rjTrELt/CLmaSw7crMGg==
  dependencies:
    looper "^3.0.0"
    pull-stream "^3.2.3"

strip-json-comments@~2.0.1:
  version "2.0.1"
  resolved "https://registry.yarnpkg.com/strip-json-comments/-/strip-json-comments-2.0.1.tgz#3c531942e908c2697c0ec344858c286c7ca0a60a"
  integrity sha1-PFMZQukIwml8DsNEhYwobHygpgo=

tweetnacl-auth@^0.3.0:
  version "0.3.1"
  resolved "https://registry.yarnpkg.com/tweetnacl-auth/-/tweetnacl-auth-0.3.1.tgz#b75bc2df15649bb84e8b9aa3c0669c6c4bce0d25"
  integrity sha1-t1vC3xVkm7hOi5qjwGacbEvODSU=
  dependencies:
    tweetnacl "0.x.x"

tweetnacl@0.x.x, tweetnacl@^0.14.1:
  version "0.14.5"
  resolved "https://registry.yarnpkg.com/tweetnacl/-/tweetnacl-0.14.5.tgz#5ae68177f192d4456269d108afa93ff8743f4f64"
  integrity sha1-WuaBd/GS1EViadEIr6k/+HQ/T2Q=

tweetnacl@^1.0.1:
  version "1.0.1"
  resolved "https://registry.yarnpkg.com/tweetnacl/-/tweetnacl-1.0.1.tgz#2594d42da73cd036bd0d2a54683dd35a6b55ca17"
  integrity sha512-kcoMoKTPYnoeS50tzoqjPY3Uv9axeuuFAZY9M/9zFnhoVvRfxz9K29IMPD7jGmt2c8SW7i3gT9WqDl2+nV7p4A==

ultron@1.0.x:
  version "1.0.2"
  resolved "https://registry.yarnpkg.com/ultron/-/ultron-1.0.2.tgz#ace116ab557cd197386a4e88f4685378c8b2e4fa"
  integrity sha1-rOEWq1V80Zc4ak6I9GhTeMiy5Po=

word-wrap@^1.2.3:
  version "1.2.3"
  resolved "https://registry.yarnpkg.com/word-wrap/-/word-wrap-1.2.3.tgz#610636f6b1f703891bd34771ccb17fb93b47079c"
  integrity sha512-Hz/mrNwitNRh/HUAtM/VT/5VH+ygD6DV7mYKZAtHOrbs8U7lvPS6xf7EJKMF0uW1KJCl0H701g3ZGus+muE5vQ==

wrappy@1:
  version "1.0.2"
  resolved "https://registry.yarnpkg.com/wrappy/-/wrappy-1.0.2.tgz#b5243d8f3ec1aa35f1364605bc0d1036e30ab69f"
  integrity sha1-tSQ9jz7BqjXxNkYFvA0QNuMKtp8=

ws@^1.1.0:
  version "1.1.5"
  resolved "https://registry.yarnpkg.com/ws/-/ws-1.1.5.tgz#cbd9e6e75e09fc5d2c90015f21f0c40875e0dd51"
  integrity sha512-o3KqipXNUdS7wpQzBHSe180lBGO60SoK0yVo3CYJgb2MkobuWuBX6dhkYP5ORCLd55y+SaflMOV5fqAB53ux4w==
  dependencies:
    options ">=0.0.5"
    ultron "1.0.x"
